
Microsoft Visual Studio Solution File, Format Version 12.00
# Visual Studio Version 16
VisualStudioVersion = 16.0.30717.126
MinimumVisualStudioVersion = 10.0.40219.1
Project("{9A19103F-16F7-4668-BE54-9A1E7A4F7556}") = "HolidaySharp", "HolidaySharp.csproj", "{589BB30D-70E2-484B-A648-80D9B591F942}"
EndProject
Project("{9A19103F-16F7-4668-BE54-9A1E7A4F7556}") = "HolidaySharpTest", "..\HolidaySharpTest\HolidaySharpTest.csproj", "{DE344230-939D-4EAA-AE9B-085D954FD7D1}"
EndProject
Project("{9A19103F-16F7-4668-BE54-9A1E7A4F7556}") = "ConsoleTest", "..\ConsoleTest\ConsoleTest.csproj", "{045DB9BF-CCFB-4807-82BE-BEB517299A3C}"
EndProject
Global
	GlobalSection(SolutionConfigurationPlatforms) = preSolution
		Debug|Any CPU = Debug|Any CPU
		Release|Any CPU = Release|Any CPU
	EndGlobalSection
	GlobalSection(ProjectConfigurationPlatforms) = postSolution
		{589BB30D-70E2-484B-A648-80D9B591F942}.Debug|Any CPU.ActiveCfg = Debug|Any CPU
		{589BB30D-70E2-484B-A648-80D9B591F942}.Debug|Any CPU.Build.0 = Debug|Any CPU
		{589BB30D-70E2-484B-A648-80D9B591F942}.Release|Any CPU.ActiveCfg = Release|Any CPU
		{589BB30D-70E2-484B-A648-80D9B591F942}.Release|Any CPU.Build.0 = Release|Any CPU
		{DE344230-939D-4EAA-AE9B-085D954FD7D1}.Debug|Any CPU.ActiveCfg = Debug|Any CPU
		{DE344230-939D-4EAA-AE9B-085D954FD7D1}.Debug|Any CPU.Build.0 = Debug|Any CPU
		{DE344230-939D-4EAA-AE9B-085D954FD7D1}.Release|Any CPU.ActiveCfg = Release|Any CPU
		{DE344230-939D-4EAA-AE9B-085D954FD7D1}.Release|Any CPU.Build.0 = Release|Any CPU
		{045DB9BF-CCFB-4807-82BE-BEB517299A3C}.Debug|Any CPU.ActiveCfg = Debug|Any CPU
		{045DB9BF-CCFB-4807-82BE-BEB517299A3C}.Debug|Any CPU.Build.0 = Debug|Any CPU
		{045DB9BF-CCFB-4807-82BE-BEB517299A3C}.Release|Any CPU.ActiveCfg = Release|Any CPU
		{045DB9BF-CCFB-4807-82BE-BEB517299A3C}.Release|Any CPU.Build.0 = Release|Any CPU
	EndGlobalSection
	GlobalSection(SolutionProperties) = preSolution
		HideSolutionNode = FALSE
	EndGlobalSection
	GlobalSection(ExtensibilityGlobals) = postSolution
		SolutionGuid = {A6A26F8F-0024-4677-B803-157FE8202151}
	EndGlobalSection
EndGlobal
